
Microsoft Visual Studio Solution File, Format Version 12.00
# Visual Studio 15
VisualStudioVersion = 15.0.28307.489
MinimumVisualStudioVersion = 10.0.40219.1
Project("{FAE04EC0-301F-11D3-BF4B-00C04F79EFBC}") = "LocalDatabaseTutorial.Android", "LocalDatabaseTutorial\LocalDatabaseTutorial.Android\LocalDatabaseTutorial.Android.csproj", "{4952B882-A6D7-4F0C-8A4D-A2EAECC2F036}"
EndProject
Project("{FAE04EC0-301F-11D3-BF4B-00C04F79EFBC}") = "LocalDatabaseTutorial.iOS", "LocalDatabaseTutorial\LocalDatabaseTutorial.iOS\LocalDatabaseTutorial.iOS.csproj", "{221C651F-A8E9-4BD8-9D69-BF48D1BF5E4E}"
EndProject
Project("{FAE04EC0-301F-11D3-BF4B-00C04F79EFBC}") = "LocalDatabaseTutorial", "LocalDatabaseTutorial\LocalDatabaseTutorial\LocalDatabaseTutorial.csproj", "{9A47AA50-675A-40E8-B57D-BCF6CEB3A87C}"
EndProject
Global
	GlobalSection(SolutionConfigurationPlatforms) = preSolution
		Ad-Hoc|Any CPU = Ad-Hoc|Any CPU
		Ad-Hoc|iPhone = Ad-Hoc|iPhone
		Ad-Hoc|iPhoneSimulator = Ad-Hoc|iPhoneSimulator
		AppStore|Any CPU = AppStore|Any CPU
		AppStore|iPhone = AppStore|iPhone
		AppStore|iPhoneSimulator = AppStore|iPhoneSimulator
		Debug|Any CPU = Debug|Any CPU
		Debug|iPhone = Debug|iPhone
		Debug|iPhoneSimulator = Debug|iPhoneSimulator
		Release|Any CPU = Release|Any CPU
		Release|iPhone = Release|iPhone
		Release|iPhoneSimulator = Release|iPhoneSimulator
	EndGlobalSection
	GlobalSection(ProjectConfigurationPlatforms) = postSolution
		{4952B882-A6D7-4F0C-8A4D-A2EAECC2F036}.Ad-Hoc|Any CPU.ActiveCfg = Release|Any CPU
		{4952B882-A6D7-4F0C-8A4D-A2EAECC2F036}.Ad-Hoc|Any CPU.Build.0 = Release|Any CPU
		{4952B882-A6D7-4F0C-8A4D-A2EAECC2F036}.Ad-Hoc|Any CPU.Deploy.0 = Release|Any CPU
		{4952B882-A6D7-4F0C-8A4D-A2EAECC2F036}.Ad-Hoc|iPhone.ActiveCfg = Release|Any CPU
		{4952B882-A6D7-4F0C-8A4D-A2EAECC2F036}.Ad-Hoc|iPhone.Build.0 = Release|Any CPU
		{4952B882-A6D7-4F0C-8A4D-A2EAECC2F036}.Ad-Hoc|iPhone.Deploy.0 = Release|Any CPU
		{4952B882-A6D7-4F0C-8A4D-A2EAECC2F036}.Ad-Hoc|iPhoneSimulator.ActiveCfg = Release|Any CPU
		{4952B882-A6D7-4F0C-8A4D-A2EAECC2F036}.Ad-Hoc|iPhoneSimulator.Build.0 = Release|Any CPU
		{4952B882-A6D7-4F0C-8A4D-A2EAECC2F036}.Ad-Hoc|iPhoneSimulator.Deploy.0 = Release|Any CPU
		{4952B882-A6D7-4F0C-8A4D-A2EAECC2F036}.AppStore|Any CPU.ActiveCfg = Release|Any CPU
		{4952B882-A6D7-4F0C-8A4D-A2EAECC2F036}.AppStore|Any CPU.Build.0 = Release|Any CPU
		{4952B882-A6D7-4F0C-8A4D-A2EAECC2F036}.AppStore|Any CPU.Deploy.0 = Release|Any CPU
		{4952B882-A6D7-4F0C-8A4D-A2EAECC2F036}.AppStore|iPhone.ActiveCfg = Release|Any CPU
		{4952B882-A6D7-4F0C-8A4D-A2EAECC2F036}.AppStore|iPhone.Build.0 = Release|Any CPU
		{4952B882-A6D7-4F0C-8A4D-A2EAECC2F036}.AppStore|iPhone.Deploy.0 = Release|Any CPU
		{4952B882-A6D7-4F0C-8A4D-A2EAECC2F036}.AppStore|iPhoneSimulator.ActiveCfg = Release|Any CPU
		{4952B882-A6D7-4F0C-8A4D-A2EAECC2F036}.AppStore|iPhoneSimulator.Build.0 = Release|Any CPU
		{4952B882-A6D7-4F0C-8A4D-A2EAECC2F036}.AppStore|iPhoneSimulator.Deploy.0 = Release|Any CPU
		{4952B882-A6D7-4F0C-8A4D-A2EAECC2F036}.Debug|Any CPU.ActiveCfg = Debug|Any CPU
		{4952B882-A6D7-4F0C-8A4D-A2EAECC2F036}.Debug|Any CPU.Build.0 = Debug|Any CPU
		{4952B882-A6D7-4F0C-8A4D-A2EAECC2F036}.Debug|Any CPU.Deploy.0 = Debug|Any CPU
		{4952B882-A6D7-4F0C-8A4D-A2EAECC2F036}.Debug|iPhone.ActiveCfg = Debug|Any CPU
		{4952B882-A6D7-4F0C-8A4D-A2EAECC2F036}.Debug|iPhone.Build.0 = Debug|Any CPU
		{4952B882-A6D7-4F0C-8A4D-A2EAECC2F036}.Debug|iPhone.Deploy.0 = Debug|Any CPU
		{4952B882-A6D7-4F0C-8A4D-A2EAECC2F036}.Debug|iPhoneSimulator.ActiveCfg = Debug|Any CPU
		{4952B882-A6D7-4F0C-8A4D-A2EAECC2F036}.Debug|iPhoneSimulator.Build.0 = Debug|Any CPU
		{4952B882-A6D7-4F0C-8A4D-A2EAECC2F036}.Debug|iPhoneSimulator.Deploy.0 = Debug|Any CPU
		{4952B882-A6D7-4F0C-8A4D-A2EAECC2F036}.Release|Any CPU.ActiveCfg = Release|Any CPU
		{4952B882-A6D7-4F0C-8A4D-A2EAECC2F036}.Release|Any CPU.Build.0 = Release|Any CPU
		{4952B882-A6D7-4F0C-8A4D-A2EAECC2F036}.Release|Any CPU.Deploy.0 = Release|Any CPU
		{4952B882-A6D7-4F0C-8A4D-A2EAECC2F036}.Release|iPhone.ActiveCfg = Release|Any CPU
		{4952B882-A6D7-4F0C-8A4D-A2EAECC2F036}.Release|iPhone.Build.0 = Release|Any CPU
		{4952B882-A6D7-4F0C-8A4D-A2EAECC2F036}.Release|iPhone.Deploy.0 = Release|Any CPU
		{4952B882-A6D7-4F0C-8A4D-A2EAECC2F036}.Release|iPhoneSimulator.ActiveCfg = Release|Any CPU
		{4952B882-A6D7-4F0C-8A4D-A2EAECC2F036}.Release|iPhoneSimulator.Build.0 = Release|Any CPU
		{4952B882-A6D7-4F0C-8A4D-A2EAECC2F036}.Release|iPhoneSimulator.Deploy.0 = Release|Any CPU
		{221C651F-A8E9-4BD8-9D69-BF48D1BF5E4E}.Ad-Hoc|Any CPU.ActiveCfg = Ad-Hoc|iPhone
		{221C651F-A8E9-4BD8-9D69-BF48D1BF5E4E}.Ad-Hoc|Any CPU.Build.0 = Ad-Hoc|iPhone
		{221C651F-A8E9-4BD8-9D69-BF48D1BF5E4E}.Ad-Hoc|Any CPU.Deploy.0 = Ad-Hoc|iPhone
		{221C651F-A8E9-4BD8-9D69-BF48D1BF5E4E}.Ad-Hoc|iPhone.ActiveCfg = Ad-Hoc|iPhone
		{221C651F-A8E9-4BD8-9D69-BF48D1BF5E4E}.Ad-Hoc|iPhone.Build.0 = Ad-Hoc|iPhone
		{221C651F-A8E9-4BD8-9D69-BF48D1BF5E4E}.Ad-Hoc|iPhone.Deploy.0 = Ad-Hoc|iPhone
		{221C651F-A8E9-4BD8-9D69-BF48D1BF5E4E}.Ad-Hoc|iPhoneSimulator.ActiveCfg = Ad-Hoc|iPhoneSimulator
		{221C651F-A8E9-4BD8-9D69-BF48D1BF5E4E}.Ad-Hoc|iPhoneSimulator.Build.0 = Ad-Hoc|iPhoneSimulator
		{221C651F-A8E9-4BD8-9D69-BF48D1BF5E4E}.Ad-Hoc|iPhoneSimulator.Deploy.0 = Ad-Hoc|iPhoneSimulator
		{221C651F-A8E9-4BD8-9D69-BF48D1BF5E4E}.AppStore|Any CPU.ActiveCfg = AppStore|iPhone
		{221C651F-A8E9-4BD8-9D69-BF48D1BF5E4E}.AppStore|Any CPU.Build.0 = AppStore|iPhone
		{221C651F-A8E9-4BD8-9D69-BF48D1BF5E4E}.AppStore|Any CPU.Deploy.0 = AppStore|iPhone
		{221C651F-A8E9-4BD8-9D69-BF48D1BF5E4E}.AppStore|iPhone.ActiveCfg = AppStore|iPhone
		{221C651F-A8E9-4BD8-9D69-BF48D1BF5E4E}.AppStore|iPhone.Build.0 = AppStore|iPhone
		{221C651F-A8E9-4BD8-9D69-BF48D1BF5E4E}.AppStore|iPhone.Deploy.0 = AppStore|iPhone
		{221C651F-A8E9-4BD8-9D69-BF48D1BF5E4E}.AppStore|iPhoneSimulator.ActiveCfg = AppStore|iPhoneSimulator
		{221C651F-A8E9-4BD8-9D69-BF48D1BF5E4E}.AppStore|iPhoneSimulator.Build.0 = AppStore|iPhoneSimulator
		{221C651F-A8E9-4BD8-9D69-BF48D1BF5E4E}.AppStore|iPhoneSimulator.Deploy.0 = AppStore|iPhoneSimulator
		{221C651F-A8E9-4BD8-9D69-BF48D1BF5E4E}.Debug|Any CPU.ActiveCfg = Debug|iPhoneSimulator
		{221C651F-A8E9-4BD8-9D69-BF48D1BF5E4E}.Debug|Any CPU.Build.0 = Debug|iPhoneSimulator
		{221C651F-A8E9-4BD8-9D69-BF48D1BF5E4E}.Debug|Any CPU.Deploy.0 = Debug|iPhoneSimulator
		{221C651F-A8E9-4BD8-9D69-BF48D1BF5E4E}.Debug|iPhone.ActiveCfg = Debug|iPhone
		{221C651F-A8E9-4BD8-9D69-BF48D1BF5E4E}.Debug|iPhone.Build.0 = Debug|iPhone
		{221C651F-A8E9-4BD8-9D69-BF48D1BF5E4E}.Debug|iPhone.Deploy.0 = Debug|iPhone
		{221C651F-A8E9-4BD8-9D69-BF48D1BF5E4E}.Debug|iPhoneSimulator.ActiveCfg = Debug|iPhoneSimulator
		{221C651F-A8E9-4BD8-9D69-BF48D1BF5E4E}.Debug|iPhoneSimulator.Build.0 = Debug|iPhoneSimulator
		{221C651F-A8E9-4BD8-9D69-BF48D1BF5E4E}.Debug|iPhoneSimulator.Deploy.0 = Debug|iPhoneSimulator
		{221C651F-A8E9-4BD8-9D69-BF48D1BF5E4E}.Release|Any CPU.ActiveCfg = Release|iPhone
		{221C651F-A8E9-4BD8-9D69-BF48D1BF5E4E}.Release|Any CPU.Build.0 = Release|iPhone
		{221C651F-A8E9-4BD8-9D69-BF48D1BF5E4E}.Release|Any CPU.Deploy.0 = Release|iPhone
		{221C651F-A8E9-4BD8-9D69-BF48D1BF5E4E}.Release|iPhone.ActiveCfg = Release|iPhone
		{221C651F-A8E9-4BD8-9D69-BF48D1BF5E4E}.Release|iPhone.Build.0 = Release|iPhone
		{221C651F-A8E9-4BD8-9D69-BF48D1BF5E4E}.Release|iPhone.Deploy.0 = Release|iPhone
		{221C651F-A8E9-4BD8-9D69-BF48D1BF5E4E}.Release|iPhoneSimulator.ActiveCfg = Release|iPhoneSimulator
		{221C651F-A8E9-4BD8-9D69-BF48D1BF5E4E}.Release|iPhoneSimulator.Build.0 = Release|iPhoneSimulator
		{221C651F-A8E9-4BD8-9D69-BF48D1BF5E4E}.Release|iPhoneSimulator.Deploy.0 = Release|iPhoneSimulator
		{9A47AA50-675A-40E8-B57D-BCF6CEB3A87C}.Ad-Hoc|Any CPU.ActiveCfg = Debug|Any CPU
		{9A47AA50-675A-40E8-B57D-BCF6CEB3A87C}.Ad-Hoc|Any CPU.Build.0 = Debug|Any CPU
		{9A47AA50-675A-40E8-B57D-BCF6CEB3A87C}.Ad-Hoc|Any CPU.Deploy.0 = Debug|Any CPU
		{9A47AA50-675A-40E8-B57D-BCF6CEB3A87C}.Ad-Hoc|iPhone.ActiveCfg = Debug|Any CPU
		{9A47AA50-675A-40E8-B57D-BCF6CEB3A87C}.Ad-Hoc|iPhone.Build.0 = Debug|Any CPU
		{9A47AA50-675A-40E8-B57D-BCF6CEB3A87C}.Ad-Hoc|iPhone.Deploy.0 = Debug|Any CPU
		{9A47AA50-675A-40E8-B57D-BCF6CEB3A87C}.Ad-Hoc|iPhoneSimulator.ActiveCfg = Debug|Any CPU
		{9A47AA50-675A-40E8-B57D-BCF6CEB3A87C}.Ad-Hoc|iPhoneSimulator.Build.0 = Debug|Any CPU
		{9A47AA50-675A-40E8-B57D-BCF6CEB3A87C}.Ad-Hoc|iPhoneSimulator.Deploy.0 = Debug|Any CPU
		{9A47AA50-675A-40E8-B57D-BCF6CEB3A87C}.AppStore|Any CPU.ActiveCfg = Debug|Any CPU
		{9A47AA50-675A-40E8-B57D-BCF6CEB3A87C}.AppStore|Any CPU.Build.0 = Debug|Any CPU
		{9A47AA50-675A-40E8-B57D-BCF6CEB3A87C}.AppStore|Any CPU.Deploy.0 = Debug|Any CPU
		{9A47AA50-675A-40E8-B57D-BCF6CEB3A87C}.AppStore|iPhone.ActiveCfg = Debug|Any CPU
		{9A47AA50-675A-40E8-B57D-BCF6CEB3A87C}.AppStore|iPhone.Build.0 = Debug|Any CPU
		{9A47AA50-675A-40E8-B57D-BCF6CEB3A87C}.AppStore|iPhone.Deploy.0 = Debug|Any CPU
		{9A47AA50-675A-40E8-B57D-BCF6CEB3A87C}.AppStore|iPhoneSimulator.ActiveCfg = Debug|Any CPU
		{9A47AA50-675A-40E8-B57D-BCF6CEB3A87C}.AppStore|iPhoneSimulator.Build.0 = Debug|Any CPU
		{9A47AA50-675A-40E8-B57D-BCF6CEB3A87C}.AppStore|iPhoneSimulator.Deploy.0 = Debug|Any CPU
		{9A47AA50-675A-40E8-B57D-BCF6CEB3A87C}.Debug|Any CPU.ActiveCfg = Debug|Any CPU
		{9A47AA50-675A-40E8-B57D-BCF6CEB3A87C}.Debug|Any CPU.Build.0 = Debug|Any CPU
		{9A47AA50-675A-40E8-B57D-BCF6CEB3A87C}.Debug|Any CPU.Deploy.0 = Debug|Any CPU
		{9A47AA50-675A-40E8-B57D-BCF6CEB3A87C}.Debug|iPhone.ActiveCfg = Debug|Any CPU
		{9A47AA50-675A-40E8-B57D-BCF6CEB3A87C}.Debug|iPhone.Build.0 = Debug|Any CPU
		{9A47AA50-675A-40E8-B57D-BCF6CEB3A87C}.Debug|iPhone.Deploy.0 = Debug|Any CPU
		{9A47AA50-675A-40E8-B57D-BCF6CEB3A87C}.Debug|iPhoneSimulator.ActiveCfg = Debug|Any CPU
		{9A47AA50-675A-40E8-B57D-BCF6CEB3A87C}.Debug|iPhoneSimulator.Build.0 = Debug|Any CPU
		{9A47AA50-675A-40E8-B57D-BCF6CEB3A87C}.Debug|iPhoneSimulator.Deploy.0 = Debug|Any CPU
		{9A47AA50-675A-40E8-B57D-BCF6CEB3A87C}.Release|Any CPU.ActiveCfg = Release|Any CPU
		{9A47AA50-675A-40E8-B57D-BCF6CEB3A87C}.Release|Any CPU.Build.0 = Release|Any CPU
		{9A47AA50-675A-40E8-B57D-BCF6CEB3A87C}.Release|Any CPU.Deploy.0 = Release|Any CPU
		{9A47AA50-675A-40E8-B57D-BCF6CEB3A87C}.Release|iPhone.ActiveCfg = Release|Any CPU
		{9A47AA50-675A-40E8-B57D-BCF6CEB3A87C}.Release|iPhone.Build.0 = Release|Any CPU
		{9A47AA50-675A-40E8-B57D-BCF6CEB3A87C}.Release|iPhone.Deploy.0 = Release|Any CPU
		{9A47AA50-675A-40E8-B57D-BCF6CEB3A87C}.Release|iPhoneSimulator.ActiveCfg = Release|Any CPU
		{9A47AA50-675A-40E8-B57D-BCF6CEB3A87C}.Release|iPhoneSimulator.Build.0 = Release|Any CPU
		{9A47AA50-675A-40E8-B57D-BCF6CEB3A87C}.Release|iPhoneSimulator.Deploy.0 = Release|Any CPU
	EndGlobalSection
	GlobalSection(SolutionProperties) = preSolution
		HideSolutionNode = FALSE
	EndGlobalSection
	GlobalSection(ExtensibilityGlobals) = postSolution
		SolutionGuid = {C5A4EBD9-5BCF-4D01-98F4-185064945DE8}
	EndGlobalSection
EndGlobal
